// !$*UTF8*$!
{
	archiveVersion = 1;
	classes = {
	};
	objectVersion = 46;
	objects = {

/* Begin PBXBuildFile section */
		3B3E43251E71816900FA35CF /* main.m in Sources */ = {isa = PBXBuildFile; fileRef = 3B3E43241E71816900FA35CF /* main.m */; };
		3B3E43281E71816900FA35CF /* AppDelegate.m in Sources */ = {isa = PBXBuildFile; fileRef = 3B3E43271E71816900FA35CF /* AppDelegate.m */; };
		3B3E432B1E71816900FA35CF /* ViewController.m in Sources */ = {isa = PBXBuildFile; fileRef = 3B3E432A1E71816900FA35CF /* ViewController.m */; };
		3B3E432E1E71816900FA35CF /* Main.storyboard in Resources */ = {isa = PBXBuildFile; fileRef = 3B3E432C1E71816900FA35CF /* Main.storyboard */; };
		3B3E43301E71816900FA35CF /* Assets.xcassets in Resources */ = {isa = PBXBuildFile; fileRef = 3B3E432F1E71816900FA35CF /* Assets.xcassets */; };
		3B3E43331E71816900FA35CF /* LaunchScreen.storyboard in Resources */ = {isa = PBXBuildFile; fileRef = 3B3E43311E71816900FA35CF /* LaunchScreen.storyboard */; };
		3B3E433C1E71818B00FA35CF /* OJButton.m in Sources */ = {isa = PBXBuildFile; fileRef = 3B3E433B1E71818B00FA35CF /* OJButton.m */; };
		3B3E433F1E71823C00FA35CF /* UIButton+OJButton.m in Sources */ = {isa = PBXBuildFile; fileRef = 3B3E433E1E71823C00FA35CF /* UIButton+OJButton.m */; };
/* End PBXBuildFile section */

/* Begin PBXFileReference section */
		3B3E43201E71816900FA35CF /* OJButton.app */ = {isa = PBXFileReference; explicitFileType = wrapper.application; includeInIndex = 0; path = OJButton.app; sourceTree = BUILT_PRODUCTS_DIR; };
		3B3E43241E71816900FA35CF /* main.m */ = {isa = PBXFileReference; lastKnownFileType = sourcecode.c.objc; path = main.m; sourceTree = "<group>"; };
		3B3E43261E71816900FA35CF /* AppDelegate.h */ = {isa = PBXFileReference; lastKnownFileType = sourcecode.c.h; path = AppDelegate.h; sourceTree = "<group>"; };
		3B3E43271E71816900FA35CF /* AppDelegate.m */ = {isa = PBXFileReference; lastKnownFileType = sourcecode.c.objc; path = AppDelegate.m; sourceTree = "<group>"; };
		3B3E43291E71816900FA35CF /* ViewController.h */ = {isa = PBXFileReference; lastKnownFileType = sourcecode.c.h; path = ViewController.h; sourceTree = "<group>"; };
		3B3E432A1E71816900FA35CF /* ViewController.m */ = {isa = PBXFileReference; lastKnownFileType = sourcecode.c.objc; path = ViewController.m; sourceTree = "<group>"; };
		3B3E432D1E71816900FA35CF /* Base */ = {isa = PBXFileReference; lastKnownFileType = file.storyboard; name = Base; path = Base.lproj/Main.storyboard; sourceTree = "<group>"; };
		3B3E432F1E71816900FA35CF /* Assets.xcassets */ = {isa = PBXFileReference; lastKnownFileType = folder.assetcatalog; path = Assets.xcassets; sourceTree = "<group>"; };
		3B3E43321E71816900FA35CF /* Base */ = {isa = PBXFileReference; lastKnownFileType = file.storyboard; name = Base; path = Base.lproj/LaunchScreen.storyboard; sourceTree = "<group>"; };
		3B3E43341E71816900FA35CF /* Info.plist */ = {isa = PBXFileReference; lastKnownFileType = text.plist.xml; path = Info.plist; sourceTree = "<group>"; };
		3B3E433A1E71818B00FA35CF /* OJButton.h */ = {isa = PBXFileReference; fileEncoding = 4; lastKnownFileType = sourcecode.c.h; path = OJButton.h; sourceTree = "<group>"; };
		3B3E433B1E71818B00FA35CF /* OJButton.m */ = {isa = PBXFileReference; fileEncoding = 4; lastKnownFileType = sourcecode.c.objc; path = OJButton.m; sourceTree = "<group>"; };
		3B3E433D1E71823C00FA35CF /* UIButton+OJButton.h */ = {isa = PBXFileReference; fileEncoding = 4; lastKnownFileType = sourcecode.c.h; path = "UIButton+OJButton.h"; sourceTree = "<group>"; };
		3B3E433E1E71823C00FA35CF /* UIButton+OJButton.m */ = {isa = PBXFileReference; fileEncoding = 4; lastKnownFileType = sourcecode.c.objc; path = "UIButton+OJButton.m"; sourceTree = "<group>"; };
/* End PBXFileReference section */

/* Begin PBXFrameworksBuildPhase section */
		3B3E431D1E71816900FA35CF /* Frameworks */ = {
			isa = PBXFrameworksBuildPhase;
			buildActionMask = 2147483647;
			files = (
			);
			runOnlyForDeploymentPostprocessing = 0;
		};
/* End PBXFrameworksBuildPhase section */

/* Begin PBXGroup section */
		3B3E43171E71816900FA35CF = {
			isa = PBXGroup;
			children = (
				3B3E43221E71816900FA35CF /* OJButton */,
				3B3E43211E71816900FA35CF /* Products */,
			);
			sourceTree = "<group>";
		};
		3B3E43211E71816900FA35CF /* Products */ = {
			isa = PBXGroup;
			children = (
				3B3E43201E71816900FA35CF /* OJButton.app */,
			);
			name = Products;
			sourceTree = "<group>";
		};
		3B3E43221E71816900FA35CF /* OJButton */ = {
			isa = PBXGroup;
			children = (
				3B3E43261E71816900FA35CF /* AppDelegate.h */,
				3B3E43271E71816900FA35CF /* AppDelegate.m */,
				3B3E43291E71816900FA35CF /* ViewController.h */,
				3B3E432A1E71816900FA35CF /* ViewController.m */,
				3B3E432C1E71816900FA35CF /* Main.storyboard */,
				3B3E432F1E71816900FA35CF /* Assets.xcassets */,
				3B3E43311E71816900FA35CF /* LaunchScreen.storyboard */,
				3B3E43341E71816900FA35CF /* Info.plist */,
				3B3E43231E71816900FA35CF /* Supporting Files */,
				3B3E433A1E71818B00FA35CF /* OJButton.h */,
				3B3E433B1E71818B00FA35CF /* OJButton.m */,
				3B3E433D1E71823C00FA35CF /* UIButton+OJButton.h */,
				3B3E433E1E71823C00FA35CF /* UIButton+OJButton.m */,
			);
			path = OJButton;
			sourceTree = "<group>";
		};
		3B3E43231E71816900FA35CF /* Supporting Files */ = {
			isa = PBXGroup;
			children = (
				3B3E43241E71816900FA35CF /* main.m */,
			);
			name = "Supporting Files";
			sourceTree = "<group>";
		};
/* End PBXGroup section */

/* Begin PBXNativeTarget section */
		3B3E431F1E71816900FA35CF /* OJButton */ = {
			isa = PBXNativeTarget;
			buildConfigurationList = 3B3E43371E71816900FA35CF /* Build configuration list for PBXNativeTarget "OJButton" */;
			buildPhases = (
				3B3E431C1E71816900FA35CF /* Sources */,
				3B3E431D1E71816900FA35CF /* Frameworks */,
				3B3E431E1E71816900FA35CF /* Resources */,
			);
			buildRules = (
			);
			dependencies = (
			);
			name = OJButton;
			productName = OJButton;
			productReference = 3B3E43201E71816900FA35CF /* OJButton.app */;
			productType = "com.apple.product-type.application";
		};
/* End PBXNativeTarget section */

/* Begin PBXProject section */
		3B3E43181E71816900FA35CF /* Project object */ = {
			isa = PBXProject;
			attributes = {
				LastUpgradeCheck = 0820;
				ORGANIZATIONNAME = "One'J";
				TargetAttributes = {
					3B3E431F1E71816900FA35CF = {
						CreatedOnToolsVersion = 8.2.1;
						ProvisioningStyle = Automatic;
					};
				};
			};
			buildConfigurationList = 3B3E431B1E71816900FA35CF /* Build configuration list for PBXProject "OJButton" */;
			compatibilityVersion = "Xcode 3.2";
			developmentRegion = English;
			hasScannedForEncodings = 0;
			knownRegions = (
				en,
				Base,
			);
			mainGroup = 3B3E43171E71816900FA35CF;
			productRefGroup = 3B3E43211E71816900FA35CF /* Products */;
			projectDirPath = "";
			projectRoot = "";
			targets = (
				3B3E431F1E71816900FA35CF /* OJButton */,
			);
		};
/* End PBXProject section */

/* Begin PBXResourcesBuildPhase section */
		3B3E431E1E71816900FA35CF /* Resources */ = {
			isa = PBXResourcesBuildPhase;
			buildActionMask = 2147483647;
			files = (
				3B3E43331E71816900FA35CF /* LaunchScreen.storyboard in Resources */,
				3B3E43301E71816900FA35CF /* Assets.xcassets in Resources */,
				3B3E432E1E71816900FA35CF /* Main.storyboard in Resources */,
			);
			runOnlyForDeploymentPostprocessing = 0;
		};
/* End PBXResourcesBuildPhase section */

/* Begin PBXSourcesBuildPhase section */
		3B3E431C1E71816900FA35CF /* Sources */ = {
			isa = PBXSourcesBuildPhase;
			buildActionMask = 2147483647;
			files = (
				3B3E432B1E71816900FA35CF /* ViewController.m in Sources */,
				3B3E43281E71816900FA35CF /* AppDelegate.m in Sources */,
				3B3E433F1E71823C00FA35CF /* UIButton+OJButton.m in Sources */,
				3B3E433C1E71818B00FA35CF /* OJButton.m in Sources */,
				3B3E43251E71816900FA35CF /* main.m in Sources */,
			);
			runOnlyForDeploymentPostprocessing = 0;
		};
/* End PBXSourcesBuildPhase section */

/* Begin PBXVariantGroup section */
		3B3E432C1E71816900FA35CF /* Main.storyboard */ = {
			isa = PBXVariantGroup;
			children = (
				3B3E432D1E71816900FA35CF /* Base */,
			);
			name = Main.storyboard;
			sourceTree = "<group>";
		};
		3B3E43311E71816900FA35CF /* LaunchScreen.storyboard */ = {
			isa = PBXVariantGroup;
			children = (
				3B3E43321E71816900FA35CF /* Base */,
			);
			name = LaunchScreen.storyboard;
			sourceTree = "<group>";
		};
/* End PBXVariantGroup section */

/* Begin XCBuildConfiguration section */
		3B3E43351E71816900FA35CF /* Debug */ = {
			isa = XCBuildConfiguration;
			buildSettings = {
				ALWAYS_SEARCH_USER_PATHS = NO;
				CLANG_ANALYZER_NONNULL = YES;
				CLANG_CXX_LANGUAGE_STANDARD = "gnu++0x";
				CLANG_CXX_LIBRARY = "libc++";
				CLANG_ENABLE_MODULES = YES;
				CLANG_ENABLE_OBJC_ARC = YES;
				CLANG_WARN_BOOL_CONVERSION = YES;
				CLANG_WARN_CONSTANT_CONVERSION = YES;
				CLANG_WARN_DIRECT_OBJC_ISA_USAGE = YES_ERROR;
				CLANG_WARN_DOCUMENTATION_COMMENTS = YES;
				CLANG_WARN_EMPTY_BODY = YES;
				CLANG_WARN_ENUM_CONVERSION = YES;
				CLANG_WARN_INFINITE_RECURSION = YES;
				CLANG_WARN_INT_CONVERSION = YES;
				CLANG_WARN_OBJC_ROOT_CLASS = YES_ERROR;
				CLANG_WARN_SUSPICIOUS_MOVE = YES;
				CLANG_WARN_UNREACHABLE_CODE = YES;
				CLANG_WARN__DUPLICATE_METHOD_MATCH = YES;
				"CODE_SIGN_IDENTITY[sdk=iphoneos*]" = "iPhone Developer";
				COPY_PHASE_STRIP = NO;
				DEBUG_INFORMATION_FORMAT = dwarf;
				ENABLE_STRICT_OBJC_MSGSEND = YES;
				ENABLE_TESTABILITY = YES;
				GCC_C_LANGUAGE_STANDARD = gnu99;
				GCC_DYNAMIC_NO_PIC = NO;
				GCC_NO_COMMON_BLOCKS = YES;
				GCC_OPTIMIZATION_LEVEL = 0;
				GCC_PREPROCESSOR_DEFINITIONS = (
					"DEBUG=1",
					"$(inherited)",
				);
				GCC_WARN_64_TO_32_BIT_CONVERSION = YES;
				GCC_WARN_ABOUT_RETURN_TYPE = YES_ERROR;
				GCC_WARN_UNDECLARED_SELECTOR = YES;
				GCC_WARN_UNINITIALIZED_AUTOS = YES_AGGRESSIVE;
				GCC_WARN_UNUSED_FUNCTION = YES;
				GCC_WARN_UNUSED_VARIABLE = YES;
				IPHONEOS_DEPLOYMENT_TARGET = 10.2;
				MTL_ENABLE_DEBUG_INFO = YES;
				ONLY_ACTIVE_ARCH = YES;
				SDKROOT = iphoneos;
			};
			name = Debug;
		};
		3B3E43361E71816900FA35CF /* Release */ = {
			isa = XCBuildConfiguration;
			buildSettings = {
				ALWAYS_SEARCH_USER_PATHS = NO;
				CLANG_ANALYZER_NONNULL = YES;
				CLANG_CXX_LANGUAGE_STANDARD = "gnu++0x";
				CLANG_CXX_LIBRARY = "libc++";
				CLANG_ENABLE_MODULES = YES;
				CLANG_ENABLE_OBJC_ARC = YES;
				CLANG_WARN_BOOL_CONVERSION = YES;
				CLANG_WARN_CONSTANT_CONVERSION = YES;
				CLANG_WARN_DIRECT_OBJC_ISA_USAGE = YES_ERROR;
				CLANG_WARN_DOCUMENTATION_COMMENTS = YES;
				CLANG_WARN_EMPTY_BODY = YES;
				CLANG_WARN_ENUM_CONVERSION = YES;
				CLANG_WARN_INFINITE_RECURSION = YES;
				CLANG_WARN_INT_CONVERSION = YES;
				CLANG_WARN_OBJC_ROOT_CLASS = YES_ERROR;
				CLANG_WARN_SUSPICIOUS_MOVE = YES;
				CLANG_WARN_UNREACHABLE_CODE = YES;
				CLANG_WARN__DUPLICATE_METHOD_MATCH = YES;
				"CODE_SIGN_IDENTITY[sdk=iphoneos*]" = "iPhone Developer";
				COPY_PHASE_STRIP = NO;
				DEBUG_INFORMATION_FORMAT = "dwarf-with-dsym";
				ENABLE_NS_ASSERTIONS = NO;
				ENABLE_STRICT_OBJC_MSGSEND = YES;
				GCC_C_LANGUAGE_STANDARD = gnu99;
				GCC_NO_COMMON_BLOCKS = YES;
				GCC_WARN_64_TO_32_BIT_CONVERSION = YES;
				GCC_WARN_ABOUT_RETURN_TYPE = YES_ERROR;
				GCC_WARN_UNDECLARED_SELECTOR = YES;
				GCC_WARN_UNINITIALIZED_AUTOS = YES_AGGRESSIVE;
				GCC_WARN_UNUSED_FUNCTION = YES;
				GCC_WARN_UNUSED_VARIABLE = YES;
				IPHONEOS_DEPLOYMENT_TARGET = 10.2;
				MTL_ENABLE_DEBUG_INFO = NO;
				SDKROOT = iphoneos;
				VALIDATE_PRODUCT = YES;
			};
			name = Release;
		};
		3B3E43381E71816900FA35CF /* Debug */ = {
			isa = XCBuildConfiguration;
			buildSettings = {
				ASSETCATALOG_COMPILER_APPICON_NAME = AppIcon;
				INFOPLIST_FILE = OJButton/Info.plist;
				LD_RUNPATH_SEARCH_PATHS = "$(inherited) @executable_path/Frameworks";
				PRODUCT_BUNDLE_IDENTIFIER = "One-J.OJButton";
				PRODUCT_NAME = "$(TARGET_NAME)";
			};
			name = Debug;
		};
		3B3E43391E71816900FA35CF /* Release */ = {
			isa = XCBuildConfiguration;
			buildSettings = {
				ASSETCATALOG_COMPILER_APPICON_NAME = AppIcon;
				INFOPLIST_FILE = OJButton/Info.plist;
				LD_RUNPATH_SEARCH_PATHS = "$(inherited) @executable_path/Frameworks";
				PRODUCT_BUNDLE_IDENTIFIER = "One-J.OJButton";
				PRODUCT_NAME = "$(TARGET_NAME)";
			};
			name = Release;
		};
/* End XCBuildConfiguration section */

/* Begin XCConfigurationList section */
		3B3E431B1E71816900FA35CF /* Build configuration list for PBXProject "OJButton" */ = {
			isa = XCConfigurationList;
			buildConfigurations = (
				3B3E43351E71816900FA35CF /* Debug */,
				3B3E43361E71816900FA35CF /* Release */,
			);
			defaultConfigurationIsVisible = 0;
			defaultConfigurationName = Release;
		};
		3B3E43371E71816900FA35CF /* Build configuration list for PBXNativeTarget "OJButton" */ = {
			isa = XCConfigurationList;
			buildConfigurations = (
				3B3E43381E71816900FA35CF /* Debug */,
				3B3E43391E71816900FA35CF /* Release */,
			);
			defaultConfigurationIsVisible = 0;
		};
/* End XCConfigurationList section */
	};
	rootObject = 3B3E43181E71816900FA35CF /* Project object */;
}
